
Microsoft Visual Studio Solution File, Format Version 12.00
Project("{FAE04EC0-301F-11D3-BF4B-00C04F79EFBC}") = "GuessTheNumber", "GuessTheNumber\GuessTheNumber.csproj", "{022920BF-67DF-4CFC-B870-2378C41A0B55}"
EndProject
Project("{FAE04EC0-301F-11D3-BF4B-00C04F79EFBC}") = "OldEnough", "OldEnough\OldEnough.csproj", "{B537DE55-389E-41DE-8600-277B9E215460}"
EndProject
Global
	GlobalSection(SolutionConfigurationPlatforms) = preSolution
		Debug|Any CPU = Debug|Any CPU
		Release|Any CPU = Release|Any CPU
	EndGlobalSection
	GlobalSection(ProjectConfigurationPlatforms) = postSolution
		{022920BF-67DF-4CFC-B870-2378C41A0B55}.Debug|Any CPU.ActiveCfg = Debug|Any CPU
		{022920BF-67DF-4CFC-B870-2378C41A0B55}.Debug|Any CPU.Build.0 = Debug|Any CPU
		{022920BF-67DF-4CFC-B870-2378C41A0B55}.Release|Any CPU.ActiveCfg = Release|Any CPU
		{022920BF-67DF-4CFC-B870-2378C41A0B55}.Release|Any CPU.Build.0 = Release|Any CPU
		{B537DE55-389E-41DE-8600-277B9E215460}.Debug|Any CPU.ActiveCfg = Debug|Any CPU
		{B537DE55-389E-41DE-8600-277B9E215460}.Debug|Any CPU.Build.0 = Debug|Any CPU
		{B537DE55-389E-41DE-8600-277B9E215460}.Release|Any CPU.ActiveCfg = Release|Any CPU
		{B537DE55-389E-41DE-8600-277B9E215460}.Release|Any CPU.Build.0 = Release|Any CPU
	EndGlobalSection
EndGlobal
